
Microsoft Visual Studio Solution File, Format Version 12.00
# Visual Studio 2013
VisualStudioVersion = 12.0.40629.0
MinimumVisualStudioVersion = 10.0.40219.1
Project("{8BC9CEB8-8B4A-11D0-8D11-00A0C91BC942}") = "FrameEngineApp", "FrameEngineApp\FrameEngineApp.vcxproj", "{1556E2FA-7DAA-484D-87F6-70B33B1D9F6B}"
EndProject
Project("{8BC9CEB8-8B4A-11D0-8D11-00A0C91BC942}") = "FrameEngineLib", "FrameEngineLib\FrameEngineLib.vcxproj", "{4BAFADD8-6DE5-49DA-89A1-67B637FFF4AE}"
EndProject
Global
	GlobalSection(SolutionConfigurationPlatforms) = preSolution
		Debug|Win32 = Debug|Win32
		Debug|x64 = Debug|x64
		Directx11|Win32 = Directx11|Win32
		Directx11|x64 = Directx11|x64
		Directx9|Win32 = Directx9|Win32
		Directx9|x64 = Directx9|x64
		OpenGL|Win32 = OpenGL|Win32
		OpenGL|x64 = OpenGL|x64
		Release|Win32 = Release|Win32
		Release|x64 = Release|x64
	EndGlobalSection
	GlobalSection(ProjectConfigurationPlatforms) = postSolution
		{1556E2FA-7DAA-484D-87F6-70B33B1D9F6B}.Debug|Win32.ActiveCfg = Debug|x64
		{1556E2FA-7DAA-484D-87F6-70B33B1D9F6B}.Debug|Win32.Build.0 = Debug|x64
		{1556E2FA-7DAA-484D-87F6-70B33B1D9F6B}.Debug|x64.ActiveCfg = Debug|Win32
		{1556E2FA-7DAA-484D-87F6-70B33B1D9F6B}.Debug|x64.Build.0 = Debug|Win32
		{1556E2FA-7DAA-484D-87F6-70B33B1D9F6B}.Directx11|Win32.ActiveCfg = Debug|Win32
		{1556E2FA-7DAA-484D-87F6-70B33B1D9F6B}.Directx11|Win32.Build.0 = Debug|Win32
		{1556E2FA-7DAA-484D-87F6-70B33B1D9F6B}.Directx11|x64.ActiveCfg = Debug|x64
		{1556E2FA-7DAA-484D-87F6-70B33B1D9F6B}.Directx11|x64.Build.0 = Debug|x64
		{1556E2FA-7DAA-484D-87F6-70B33B1D9F6B}.Directx9|Win32.ActiveCfg = Debug|Win32
		{1556E2FA-7DAA-484D-87F6-70B33B1D9F6B}.Directx9|Win32.Build.0 = Debug|Win32
		{1556E2FA-7DAA-484D-87F6-70B33B1D9F6B}.Directx9|x64.ActiveCfg = Debug|x64
		{1556E2FA-7DAA-484D-87F6-70B33B1D9F6B}.Directx9|x64.Build.0 = Debug|x64
		{1556E2FA-7DAA-484D-87F6-70B33B1D9F6B}.OpenGL|Win32.ActiveCfg = Debug|x64
		{1556E2FA-7DAA-484D-87F6-70B33B1D9F6B}.OpenGL|Win32.Build.0 = Debug|x64
		{1556E2FA-7DAA-484D-87F6-70B33B1D9F6B}.OpenGL|x64.ActiveCfg = Debug|Win32
		{1556E2FA-7DAA-484D-87F6-70B33B1D9F6B}.OpenGL|x64.Build.0 = Debug|Win32
		{1556E2FA-7DAA-484D-87F6-70B33B1D9F6B}.Release|Win32.ActiveCfg = Release|Win32
		{1556E2FA-7DAA-484D-87F6-70B33B1D9F6B}.Release|Win32.Build.0 = Release|Win32
		{1556E2FA-7DAA-484D-87F6-70B33B1D9F6B}.Release|x64.ActiveCfg = Release|x64
		{1556E2FA-7DAA-484D-87F6-70B33B1D9F6B}.Release|x64.Build.0 = Release|x64
		{4BAFADD8-6DE5-49DA-89A1-67B637FFF4AE}.Debug|Win32.ActiveCfg = Debug|x64
		{4BAFADD8-6DE5-49DA-89A1-67B637FFF4AE}.Debug|Win32.Build.0 = Debug|x64
		{4BAFADD8-6DE5-49DA-89A1-67B637FFF4AE}.Debug|x64.ActiveCfg = Debug|Win32
		{4BAFADD8-6DE5-49DA-89A1-67B637FFF4AE}.Debug|x64.Build.0 = Debug|Win32
		{4BAFADD8-6DE5-49DA-89A1-67B637FFF4AE}.Directx11|Win32.ActiveCfg = Debug|Win32
		{4BAFADD8-6DE5-49DA-89A1-67B637FFF4AE}.Directx11|Win32.Build.0 = Debug|Win32
		{4BAFADD8-6DE5-49DA-89A1-67B637FFF4AE}.Directx11|x64.ActiveCfg = Debug|x64
		{4BAFADD8-6DE5-49DA-89A1-67B637FFF4AE}.Directx11|x64.Build.0 = Debug|x64
		{4BAFADD8-6DE5-49DA-89A1-67B637FFF4AE}.Directx9|Win32.ActiveCfg = Debug|Win32
		{4BAFADD8-6DE5-49DA-89A1-67B637FFF4AE}.Directx9|Win32.Build.0 = Debug|Win32
		{4BAFADD8-6DE5-49DA-89A1-67B637FFF4AE}.Directx9|x64.ActiveCfg = Debug|x64
		{4BAFADD8-6DE5-49DA-89A1-67B637FFF4AE}.Directx9|x64.Build.0 = Debug|x64
		{4BAFADD8-6DE5-49DA-89A1-67B637FFF4AE}.OpenGL|Win32.ActiveCfg = Debug|x64
		{4BAFADD8-6DE5-49DA-89A1-67B637FFF4AE}.OpenGL|Win32.Build.0 = Debug|x64
		{4BAFADD8-6DE5-49DA-89A1-67B637FFF4AE}.OpenGL|x64.ActiveCfg = Debug|Win32
		{4BAFADD8-6DE5-49DA-89A1-67B637FFF4AE}.OpenGL|x64.Build.0 = Debug|Win32
		{4BAFADD8-6DE5-49DA-89A1-67B637FFF4AE}.Release|Win32.ActiveCfg = Release|Win32
		{4BAFADD8-6DE5-49DA-89A1-67B637FFF4AE}.Release|Win32.Build.0 = Release|Win32
		{4BAFADD8-6DE5-49DA-89A1-67B637FFF4AE}.Release|x64.ActiveCfg = Release|x64
		{4BAFADD8-6DE5-49DA-89A1-67B637FFF4AE}.Release|x64.Build.0 = Release|x64
	EndGlobalSection
	GlobalSection(SolutionProperties) = preSolution
		HideSolutionNode = FALSE
	EndGlobalSection
EndGlobal
