<?xml version="1.0" encoding="utf-8"?>
<Project ToolsVersion="4.0" xmlns="http://schemas.microsoft.com/developer/msbuild/2003">
  <ItemGroup>
    <Filter Include="Editor">
      <UniqueIdentifier>{144962f1-0b80-452b-87ba-e27b10a6786f}</UniqueIdentifier>
    </Filter>
  </ItemGroup>
  <ItemGroup>
    <ClCompile Include="Source.cpp">
      <Filter>Editor</Filter>
    </ClCompile>
    <ClCompile Include="Editor\SplEditorApp.cpp">
      <Filter>Editor</Filter>
    </ClCompile>
  </ItemGroup>
  <ItemGroup>
    <ClInclude Include="Editor\SplEditorApp.h">
      <Filter>Editor</Filter>
    </ClInclude>
  </ItemGroup>
</Project>